
Microsoft Visual Studio Solution File, Format Version 12.00
# Visual Studio Version 17
VisualStudioVersion = 17.7.33808.371
MinimumVisualStudioVersion = 10.0.40219.1
Project("{9A19103F-16F7-4668-BE54-9A1E7A4F7556}") = "L2ScriptMaker", "L2ScriptMaker\L2ScriptMaker.csproj", "{57B45535-EEC9-4734-8C4A-26824D28F4F2}"
EndProject
Project("{9A19103F-16F7-4668-BE54-9A1E7A4F7556}") = "L2ScriptMaker.Models", "L2ScriptMaker.Models\L2ScriptMaker.Models.csproj", "{48272609-A960-4610-BBE3-426150B513B8}"
EndProject
Project("{9A19103F-16F7-4668-BE54-9A1E7A4F7556}") = "L2ScriptMaker.Core", "L2ScriptMaker.Core\L2ScriptMaker.Core.csproj", "{4E51A7C6-6F92-494C-B0AA-8D1245379FBF}"
EndProject
Project("{9A19103F-16F7-4668-BE54-9A1E7A4F7556}") = "L2ScriptMaker.Services", "L2ScriptMaker.Services\L2ScriptMaker.Services.csproj", "{90B5A5EE-DA5B-4A4D-87AD-9D93328D026F}"
EndProject
Project("{9A19103F-16F7-4668-BE54-9A1E7A4F7556}") = "L2ScriptMaker.Tests", "L2ScriptMaker.Tests\L2ScriptMaker.Tests.csproj", "{43538929-8755-44BD-B064-C01E6B2C04A2}"
EndProject
Project("{9A19103F-16F7-4668-BE54-9A1E7A4F7556}") = "L2ScriptMaker.Forms", "L2ScriptMaker.Forms\L2ScriptMaker.Forms.csproj", "{6D88AE68-5ABA-48DB-B281-466A3F9A5DA8}"
EndProject
Project("{9A19103F-16F7-4668-BE54-9A1E7A4F7556}") = "L2ScriptMaker.Parsers", "L2ScriptMaker.Parser\L2ScriptMaker.Parsers.csproj", "{493BB30B-B222-4960-B18C-C0BDCC6CC277}"
EndProject
Project("{9A19103F-16F7-4668-BE54-9A1E7A4F7556}") = "L2ScriptMaker.Parsers.Tests", "L2ScriptMaker.Parsers.Tests\L2ScriptMaker.Parsers.Tests.csproj", "{C2CB280A-033D-46B1-A115-7F15D52FCB3B}"
EndProject
Project("{2150E333-8FDC-42A3-9474-1A3956D46DE8}") = "Tests", "Tests", "{1C155091-5472-4DB2-9CA0-AFBA67334A8A}"
	ProjectSection(SolutionItems) = preProject
		.editorconfig = .editorconfig
	EndProjectSection
EndProject
Global
	GlobalSection(SolutionConfigurationPlatforms) = preSolution
		Debug|Any CPU = Debug|Any CPU
		Release|Any CPU = Release|Any CPU
	EndGlobalSection
	GlobalSection(ProjectConfigurationPlatforms) = postSolution
		{57B45535-EEC9-4734-8C4A-26824D28F4F2}.Debug|Any CPU.ActiveCfg = Debug|Any CPU
		{57B45535-EEC9-4734-8C4A-26824D28F4F2}.Debug|Any CPU.Build.0 = Debug|Any CPU
		{57B45535-EEC9-4734-8C4A-26824D28F4F2}.Release|Any CPU.ActiveCfg = Release|Any CPU
		{57B45535-EEC9-4734-8C4A-26824D28F4F2}.Release|Any CPU.Build.0 = Release|Any CPU
		{48272609-A960-4610-BBE3-426150B513B8}.Debug|Any CPU.ActiveCfg = Debug|Any CPU
		{48272609-A960-4610-BBE3-426150B513B8}.Debug|Any CPU.Build.0 = Debug|Any CPU
		{48272609-A960-4610-BBE3-426150B513B8}.Release|Any CPU.ActiveCfg = Release|Any CPU
		{48272609-A960-4610-BBE3-426150B513B8}.Release|Any CPU.Build.0 = Release|Any CPU
		{4E51A7C6-6F92-494C-B0AA-8D1245379FBF}.Debug|Any CPU.ActiveCfg = Debug|Any CPU
		{4E51A7C6-6F92-494C-B0AA-8D1245379FBF}.Debug|Any CPU.Build.0 = Debug|Any CPU
		{4E51A7C6-6F92-494C-B0AA-8D1245379FBF}.Release|Any CPU.ActiveCfg = Release|Any CPU
		{4E51A7C6-6F92-494C-B0AA-8D1245379FBF}.Release|Any CPU.Build.0 = Release|Any CPU
		{90B5A5EE-DA5B-4A4D-87AD-9D93328D026F}.Debug|Any CPU.ActiveCfg = Debug|Any CPU
		{90B5A5EE-DA5B-4A4D-87AD-9D93328D026F}.Debug|Any CPU.Build.0 = Debug|Any CPU
		{90B5A5EE-DA5B-4A4D-87AD-9D93328D026F}.Release|Any CPU.ActiveCfg = Release|Any CPU
		{90B5A5EE-DA5B-4A4D-87AD-9D93328D026F}.Release|Any CPU.Build.0 = Release|Any CPU
		{43538929-8755-44BD-B064-C01E6B2C04A2}.Debug|Any CPU.ActiveCfg = Debug|Any CPU
		{43538929-8755-44BD-B064-C01E6B2C04A2}.Debug|Any CPU.Build.0 = Debug|Any CPU
		{43538929-8755-44BD-B064-C01E6B2C04A2}.Release|Any CPU.ActiveCfg = Release|Any CPU
		{43538929-8755-44BD-B064-C01E6B2C04A2}.Release|Any CPU.Build.0 = Release|Any CPU
		{6D88AE68-5ABA-48DB-B281-466A3F9A5DA8}.Debug|Any CPU.ActiveCfg = Debug|Any CPU
		{6D88AE68-5ABA-48DB-B281-466A3F9A5DA8}.Debug|Any CPU.Build.0 = Debug|Any CPU
		{6D88AE68-5ABA-48DB-B281-466A3F9A5DA8}.Release|Any CPU.ActiveCfg = Release|Any CPU
		{6D88AE68-5ABA-48DB-B281-466A3F9A5DA8}.Release|Any CPU.Build.0 = Release|Any CPU
		{493BB30B-B222-4960-B18C-C0BDCC6CC277}.Debug|Any CPU.ActiveCfg = Debug|Any CPU
		{493BB30B-B222-4960-B18C-C0BDCC6CC277}.Debug|Any CPU.Build.0 = Debug|Any CPU
		{493BB30B-B222-4960-B18C-C0BDCC6CC277}.Release|Any CPU.ActiveCfg = Release|Any CPU
		{493BB30B-B222-4960-B18C-C0BDCC6CC277}.Release|Any CPU.Build.0 = Release|Any CPU
		{C2CB280A-033D-46B1-A115-7F15D52FCB3B}.Debug|Any CPU.ActiveCfg = Debug|Any CPU
		{C2CB280A-033D-46B1-A115-7F15D52FCB3B}.Debug|Any CPU.Build.0 = Debug|Any CPU
		{C2CB280A-033D-46B1-A115-7F15D52FCB3B}.Release|Any CPU.ActiveCfg = Release|Any CPU
		{C2CB280A-033D-46B1-A115-7F15D52FCB3B}.Release|Any CPU.Build.0 = Release|Any CPU
	EndGlobalSection
	GlobalSection(SolutionProperties) = preSolution
		HideSolutionNode = FALSE
	EndGlobalSection
	GlobalSection(NestedProjects) = preSolution
		{43538929-8755-44BD-B064-C01E6B2C04A2} = {1C155091-5472-4DB2-9CA0-AFBA67334A8A}
		{C2CB280A-033D-46B1-A115-7F15D52FCB3B} = {1C155091-5472-4DB2-9CA0-AFBA67334A8A}
	EndGlobalSection
	GlobalSection(ExtensibilityGlobals) = postSolution
		SolutionGuid = {6963BEBE-BDBC-469E-B00A-B259488C86BC}
	EndGlobalSection
EndGlobal
